
Microsoft Visual Studio Solution File, Format Version 12.00
# Visual Studio 15
VisualStudioVersion = 15.0.28307.136
MinimumVisualStudioVersion = 10.0.40219.1
Project("{FAE04EC0-301F-11D3-BF4B-00C04F79EFBC}") = "EM REST API", "EM REST API\EM REST API.csproj", "{8B3C1C6B-9C07-421E-AB4D-EA3CA6F4DACC}"
EndProject
Global
	GlobalSection(SolutionConfigurationPlatforms) = preSolution
		Debug|Any CPU = Debug|Any CPU
		Release|Any CPU = Release|Any CPU
	EndGlobalSection
	GlobalSection(ProjectConfigurationPlatforms) = postSolution
		{8B3C1C6B-9C07-421E-AB4D-EA3CA6F4DACC}.Debug|Any CPU.ActiveCfg = Debug|Any CPU
		{8B3C1C6B-9C07-421E-AB4D-EA3CA6F4DACC}.Debug|Any CPU.Build.0 = Debug|Any CPU
		{8B3C1C6B-9C07-421E-AB4D-EA3CA6F4DACC}.Release|Any CPU.ActiveCfg = Release|Any CPU
		{8B3C1C6B-9C07-421E-AB4D-EA3CA6F4DACC}.Release|Any CPU.Build.0 = Release|Any CPU
	EndGlobalSection
	GlobalSection(SolutionProperties) = preSolution
		HideSolutionNode = FALSE
	EndGlobalSection
	GlobalSection(ExtensibilityGlobals) = postSolution
		SolutionGuid = {394486F8-9413-4F4C-A4AF-9BBE3434EE62}
	EndGlobalSection
EndGlobal
